
Microsoft Visual Studio Solution File, Format Version 9.00
# Visual Studio 2005
Project("{FAE04EC0-301F-11D3-BF4B-00C04F79EFBC}") = "InventoryReadSample", "InventoryReadSample.csproj", "{B35249FB-0265-4AF3-A835-DB621C08B26E}"
EndProject
Global
	GlobalSection(SolutionConfigurationPlatforms) = preSolution
		debug_unicode|x64 = debug_unicode|x64
		debug_unicode|x86 = debug_unicode|x86
		Debug|x64 = Debug|x64
		Debug|x86 = Debug|x86
	EndGlobalSection
	GlobalSection(ProjectConfigurationPlatforms) = postSolution
		{B35249FB-0265-4AF3-A835-DB621C08B26E}.debug_unicode|x64.ActiveCfg = debug_unicode|x64
		{B35249FB-0265-4AF3-A835-DB621C08B26E}.debug_unicode|x64.Build.0 = debug_unicode|x64
		{B35249FB-0265-4AF3-A835-DB621C08B26E}.debug_unicode|x86.ActiveCfg = debug_unicode|x86
		{B35249FB-0265-4AF3-A835-DB621C08B26E}.debug_unicode|x86.Build.0 = debug_unicode|x86
		{B35249FB-0265-4AF3-A835-DB621C08B26E}.Debug|x64.ActiveCfg = Debug|x64
		{B35249FB-0265-4AF3-A835-DB621C08B26E}.Debug|x64.Build.0 = Debug|x64
		{B35249FB-0265-4AF3-A835-DB621C08B26E}.Debug|x86.ActiveCfg = Debug|x86
		{B35249FB-0265-4AF3-A835-DB621C08B26E}.Debug|x86.Build.0 = Debug|x86
	EndGlobalSection
	GlobalSection(SolutionProperties) = preSolution
		HideSolutionNode = FALSE
	EndGlobalSection
EndGlobal
