
Microsoft Visual Studio Solution File, Format Version 9.00
# Visual Studio 2005
Project("{2150E333-8FDC-42A3-9474-1A3956D46DE8}") = "rfid reader", "rfid reader", "{3F1FE560-4460-441C-80AC-8F109A192B01}"
EndProject
Project("{2150E333-8FDC-42A3-9474-1A3956D46DE8}") = "C++", "C++", "{791D4A9A-EC9F-4960-AD93-109485490317}"
EndProject
Project("{2150E333-8FDC-42A3-9474-1A3956D46DE8}") = "C Sharp", "C Sharp", "{EA291EA3-0F78-4C73-88B1-6E8CFDB9099E}"
EndProject
Project("{FAE04EC0-301F-11D3-BF4B-00C04F79EFBC}") = "TagAccess_CS(reader sample)", "..\C#\TagAccess\TagAccess_CS(reader sample).csproj", "{2DD94001-E996-4A6B-A068-3D0A5454A036}"
EndProject
Project("{FAE04EC0-301F-11D3-BF4B-00C04F79EFBC}") = "NFCSample_CS", "..\C#\NFCSample\NFCSample_CS.csproj", "{781EAD73-8ABA-4580-819E-51736999DAC8}"
EndProject
Project("{FAE04EC0-301F-11D3-BF4B-00C04F79EFBC}") = "SetOutput_cs", "..\C#\SetOutput_cs\SetOutput_cs.csproj", "{ED81555F-8FC0-4CA9-A2E8-B8BC0728EC84}"
EndProject
Project("{FAE04EC0-301F-11D3-BF4B-00C04F79EFBC}") = "RS485Sample_cs", "..\C#\RS485Sample_cs\RS485Sample_cs.csproj", "{F1E98EE0-6C78-4418-AB1C-19085654D624}"
EndProject
Project("{8BC9CEB8-8B4A-11D0-8D11-00A0C91BC942}") = "HFTagAccess(reader sample)", "..\c++\TagAccess\HFTagAccess.vcproj", "{9F340099-24DB-48E1-B24C-BA9395AAA3DC}"
EndProject
Project("{8BC9CEB8-8B4A-11D0-8D11-00A0C91BC942}") = "Setoutput", "..\c++\Setoutput\Setoutput.vcproj", "{19129D05-3518-4958-9036-3B7E14BF64C9}"
EndProject
Project("{8BC9CEB8-8B4A-11D0-8D11-00A0C91BC942}") = "RS485Sample(RS485 sample)", "..\c++\RS485-Sample\RS485Sample.vcproj", "{81A1F067-1153-41BA-BD3B-621E478DE7EE}"
EndProject
Project("{8BC9CEB8-8B4A-11D0-8D11-00A0C91BC942}") = "BookshelfSample", "..\c++\BookshelfSample\BookshelfSample.vcproj", "{4F238D1E-9682-49CC-BF18-942D9F016897}"
EndProject
Project("{FAE04EC0-301F-11D3-BF4B-00C04F79EFBC}") = "ILT_sample", "..\C#\ILT_sample\ILT_sample.csproj", "{6C48E936-05CE-49DA-96E4-551606BE7796}"
EndProject
Project("{FAE04EC0-301F-11D3-BF4B-00C04F79EFBC}") = "ReaderPasswordLogin", "..\C#\ReaderPasswordLogin\ReaderPasswordLogin.csproj", "{6961EE06-82E0-4328-82AD-A683D29CA6A8}"
EndProject
Project("{8BC9CEB8-8B4A-11D0-8D11-00A0C91BC942}") = "BufferModeSample", "..\c++\BufferModeSample\BufferModeSample.vcproj", "{D1B1EE2A-2771-49A8-9D52-4238F212AFFB}"
EndProject
Project("{FAE04EC0-301F-11D3-BF4B-00C04F79EFBC}") = "ConfigurationBlockSample", "..\C#\ConfigurationBlockSample\ConfigurationBlockSample.csproj", "{9836A433-76F9-4A30-BB91-315BB0F3FE6C}"
EndProject
Project("{FAE04EC0-301F-11D3-BF4B-00C04F79EFBC}") = "BufferModeSample", "..\C#\BufferModeSample\BufferModeSample.csproj", "{2987CE4E-88E3-4E76-B713-60AFCD160269}"
EndProject
Project("{FAE04EC0-301F-11D3-BF4B-00C04F79EFBC}") = "InventoryReadSample", "..\C#\InventoryReadSample\InventoryReadSample.csproj", "{B35249FB-0265-4AF3-A835-DB621C08B26E}"
EndProject
Global
	GlobalSection(SolutionConfigurationPlatforms) = preSolution
		debug_unicode|Any CPU = debug_unicode|Any CPU
		debug_unicode|Mixed Platforms = debug_unicode|Mixed Platforms
		debug_unicode|Win32 = debug_unicode|Win32
		debug_unicode|x64 = debug_unicode|x64
		debug_unicode|x86 = debug_unicode|x86
		Debug|Any CPU = Debug|Any CPU
		Debug|Mixed Platforms = Debug|Mixed Platforms
		Debug|Win32 = Debug|Win32
		Debug|x64 = Debug|x64
		Debug|x86 = Debug|x86
		Release|Any CPU = Release|Any CPU
		Release|Mixed Platforms = Release|Mixed Platforms
		Release|Win32 = Release|Win32
		Release|x64 = Release|x64
		Release|x86 = Release|x86
	EndGlobalSection
	GlobalSection(ProjectConfigurationPlatforms) = postSolution
		{2DD94001-E996-4A6B-A068-3D0A5454A036}.debug_unicode|Any CPU.ActiveCfg = debug_unicode|x86
		{2DD94001-E996-4A6B-A068-3D0A5454A036}.debug_unicode|Mixed Platforms.ActiveCfg = debug_unicode|x86
		{2DD94001-E996-4A6B-A068-3D0A5454A036}.debug_unicode|Mixed Platforms.Build.0 = debug_unicode|x86
		{2DD94001-E996-4A6B-A068-3D0A5454A036}.debug_unicode|Win32.ActiveCfg = debug_unicode|x86
		{2DD94001-E996-4A6B-A068-3D0A5454A036}.debug_unicode|Win32.Build.0 = debug_unicode|x86
		{2DD94001-E996-4A6B-A068-3D0A5454A036}.debug_unicode|x64.ActiveCfg = debug_unicode|x64
		{2DD94001-E996-4A6B-A068-3D0A5454A036}.debug_unicode|x64.Build.0 = debug_unicode|x64
		{2DD94001-E996-4A6B-A068-3D0A5454A036}.debug_unicode|x86.ActiveCfg = debug_unicode|x86
		{2DD94001-E996-4A6B-A068-3D0A5454A036}.debug_unicode|x86.Build.0 = debug_unicode|x86
		{2DD94001-E996-4A6B-A068-3D0A5454A036}.Debug|Any CPU.ActiveCfg = Debug|x86
		{2DD94001-E996-4A6B-A068-3D0A5454A036}.Debug|Mixed Platforms.ActiveCfg = Debug|x86
		{2DD94001-E996-4A6B-A068-3D0A5454A036}.Debug|Mixed Platforms.Build.0 = Debug|x86
		{2DD94001-E996-4A6B-A068-3D0A5454A036}.Debug|Win32.ActiveCfg = Debug|x86
		{2DD94001-E996-4A6B-A068-3D0A5454A036}.Debug|x64.ActiveCfg = Debug|x64
		{2DD94001-E996-4A6B-A068-3D0A5454A036}.Debug|x64.Build.0 = Debug|x64
		{2DD94001-E996-4A6B-A068-3D0A5454A036}.Debug|x86.ActiveCfg = debug_unicode|x64
		{2DD94001-E996-4A6B-A068-3D0A5454A036}.Debug|x86.Build.0 = debug_unicode|x64
		{2DD94001-E996-4A6B-A068-3D0A5454A036}.Release|Any CPU.ActiveCfg = debug_unicode|x64
		{2DD94001-E996-4A6B-A068-3D0A5454A036}.Release|Mixed Platforms.ActiveCfg = debug_unicode|x64
		{2DD94001-E996-4A6B-A068-3D0A5454A036}.Release|Mixed Platforms.Build.0 = debug_unicode|x64
		{2DD94001-E996-4A6B-A068-3D0A5454A036}.Release|Win32.ActiveCfg = debug_unicode|x64
		{2DD94001-E996-4A6B-A068-3D0A5454A036}.Release|x64.ActiveCfg = debug_unicode|x64
		{2DD94001-E996-4A6B-A068-3D0A5454A036}.Release|x64.Build.0 = debug_unicode|x64
		{2DD94001-E996-4A6B-A068-3D0A5454A036}.Release|x86.ActiveCfg = debug_unicode|x64
		{781EAD73-8ABA-4580-819E-51736999DAC8}.debug_unicode|Any CPU.ActiveCfg = debug_unicode|x86
		{781EAD73-8ABA-4580-819E-51736999DAC8}.debug_unicode|Mixed Platforms.ActiveCfg = debug_unicode|x86
		{781EAD73-8ABA-4580-819E-51736999DAC8}.debug_unicode|Mixed Platforms.Build.0 = debug_unicode|x86
		{781EAD73-8ABA-4580-819E-51736999DAC8}.debug_unicode|Win32.ActiveCfg = debug_unicode|x86
		{781EAD73-8ABA-4580-819E-51736999DAC8}.debug_unicode|Win32.Build.0 = debug_unicode|x86
		{781EAD73-8ABA-4580-819E-51736999DAC8}.debug_unicode|x64.ActiveCfg = debug_unicode|x64
		{781EAD73-8ABA-4580-819E-51736999DAC8}.debug_unicode|x64.Build.0 = debug_unicode|x64
		{781EAD73-8ABA-4580-819E-51736999DAC8}.debug_unicode|x86.ActiveCfg = debug_unicode|x86
		{781EAD73-8ABA-4580-819E-51736999DAC8}.debug_unicode|x86.Build.0 = debug_unicode|x86
		{781EAD73-8ABA-4580-819E-51736999DAC8}.Debug|Any CPU.ActiveCfg = Debug|x86
		{781EAD73-8ABA-4580-819E-51736999DAC8}.Debug|Mixed Platforms.ActiveCfg = Debug|x86
		{781EAD73-8ABA-4580-819E-51736999DAC8}.Debug|Mixed Platforms.Build.0 = Debug|x86
		{781EAD73-8ABA-4580-819E-51736999DAC8}.Debug|Win32.ActiveCfg = Debug|x86
		{781EAD73-8ABA-4580-819E-51736999DAC8}.Debug|x64.ActiveCfg = Debug|x64
		{781EAD73-8ABA-4580-819E-51736999DAC8}.Debug|x64.Build.0 = Debug|x64
		{781EAD73-8ABA-4580-819E-51736999DAC8}.Debug|x86.ActiveCfg = debug_unicode|x86
		{781EAD73-8ABA-4580-819E-51736999DAC8}.Debug|x86.Build.0 = debug_unicode|x86
		{781EAD73-8ABA-4580-819E-51736999DAC8}.Release|Any CPU.ActiveCfg = debug_unicode|x64
		{781EAD73-8ABA-4580-819E-51736999DAC8}.Release|Mixed Platforms.ActiveCfg = debug_unicode|x64
		{781EAD73-8ABA-4580-819E-51736999DAC8}.Release|Mixed Platforms.Build.0 = debug_unicode|x64
		{781EAD73-8ABA-4580-819E-51736999DAC8}.Release|Win32.ActiveCfg = debug_unicode|x64
		{781EAD73-8ABA-4580-819E-51736999DAC8}.Release|x64.ActiveCfg = debug_unicode|x64
		{781EAD73-8ABA-4580-819E-51736999DAC8}.Release|x64.Build.0 = debug_unicode|x64
		{781EAD73-8ABA-4580-819E-51736999DAC8}.Release|x86.ActiveCfg = debug_unicode|x64
		{ED81555F-8FC0-4CA9-A2E8-B8BC0728EC84}.debug_unicode|Any CPU.ActiveCfg = debug_unicode|x86
		{ED81555F-8FC0-4CA9-A2E8-B8BC0728EC84}.debug_unicode|Mixed Platforms.ActiveCfg = debug_unicode|x86
		{ED81555F-8FC0-4CA9-A2E8-B8BC0728EC84}.debug_unicode|Mixed Platforms.Build.0 = debug_unicode|x86
		{ED81555F-8FC0-4CA9-A2E8-B8BC0728EC84}.debug_unicode|Win32.ActiveCfg = debug_unicode|x86
		{ED81555F-8FC0-4CA9-A2E8-B8BC0728EC84}.debug_unicode|Win32.Build.0 = debug_unicode|x86
		{ED81555F-8FC0-4CA9-A2E8-B8BC0728EC84}.debug_unicode|x64.ActiveCfg = debug_unicode|x64
		{ED81555F-8FC0-4CA9-A2E8-B8BC0728EC84}.debug_unicode|x64.Build.0 = debug_unicode|x64
		{ED81555F-8FC0-4CA9-A2E8-B8BC0728EC84}.debug_unicode|x86.ActiveCfg = debug_unicode|x86
		{ED81555F-8FC0-4CA9-A2E8-B8BC0728EC84}.debug_unicode|x86.Build.0 = debug_unicode|x86
		{ED81555F-8FC0-4CA9-A2E8-B8BC0728EC84}.Debug|Any CPU.ActiveCfg = Debug|x86
		{ED81555F-8FC0-4CA9-A2E8-B8BC0728EC84}.Debug|Mixed Platforms.ActiveCfg = Debug|x86
		{ED81555F-8FC0-4CA9-A2E8-B8BC0728EC84}.Debug|Mixed Platforms.Build.0 = Debug|x86
		{ED81555F-8FC0-4CA9-A2E8-B8BC0728EC84}.Debug|Win32.ActiveCfg = Debug|x86
		{ED81555F-8FC0-4CA9-A2E8-B8BC0728EC84}.Debug|x64.ActiveCfg = Debug|x64
		{ED81555F-8FC0-4CA9-A2E8-B8BC0728EC84}.Debug|x64.Build.0 = Debug|x64
		{ED81555F-8FC0-4CA9-A2E8-B8BC0728EC84}.Debug|x86.ActiveCfg = debug_unicode|x86
		{ED81555F-8FC0-4CA9-A2E8-B8BC0728EC84}.Debug|x86.Build.0 = debug_unicode|x86
		{ED81555F-8FC0-4CA9-A2E8-B8BC0728EC84}.Release|Any CPU.ActiveCfg = debug_unicode|x64
		{ED81555F-8FC0-4CA9-A2E8-B8BC0728EC84}.Release|Mixed Platforms.ActiveCfg = debug_unicode|x64
		{ED81555F-8FC0-4CA9-A2E8-B8BC0728EC84}.Release|Mixed Platforms.Build.0 = debug_unicode|x64
		{ED81555F-8FC0-4CA9-A2E8-B8BC0728EC84}.Release|Win32.ActiveCfg = debug_unicode|x64
		{ED81555F-8FC0-4CA9-A2E8-B8BC0728EC84}.Release|x64.ActiveCfg = debug_unicode|x64
		{ED81555F-8FC0-4CA9-A2E8-B8BC0728EC84}.Release|x64.Build.0 = debug_unicode|x64
		{ED81555F-8FC0-4CA9-A2E8-B8BC0728EC84}.Release|x86.ActiveCfg = debug_unicode|x64
		{F1E98EE0-6C78-4418-AB1C-19085654D624}.debug_unicode|Any CPU.ActiveCfg = debug_unicode|x86
		{F1E98EE0-6C78-4418-AB1C-19085654D624}.debug_unicode|Mixed Platforms.ActiveCfg = debug_unicode|x86
		{F1E98EE0-6C78-4418-AB1C-19085654D624}.debug_unicode|Mixed Platforms.Build.0 = debug_unicode|x86
		{F1E98EE0-6C78-4418-AB1C-19085654D624}.debug_unicode|Win32.ActiveCfg = debug_unicode|x86
		{F1E98EE0-6C78-4418-AB1C-19085654D624}.debug_unicode|Win32.Build.0 = debug_unicode|x86
		{F1E98EE0-6C78-4418-AB1C-19085654D624}.debug_unicode|x64.ActiveCfg = debug_unicode|x64
		{F1E98EE0-6C78-4418-AB1C-19085654D624}.debug_unicode|x64.Build.0 = debug_unicode|x64
		{F1E98EE0-6C78-4418-AB1C-19085654D624}.debug_unicode|x86.ActiveCfg = debug_unicode|x86
		{F1E98EE0-6C78-4418-AB1C-19085654D624}.debug_unicode|x86.Build.0 = debug_unicode|x86
		{F1E98EE0-6C78-4418-AB1C-19085654D624}.Debug|Any CPU.ActiveCfg = Debug|x86
		{F1E98EE0-6C78-4418-AB1C-19085654D624}.Debug|Mixed Platforms.ActiveCfg = Debug|x86
		{F1E98EE0-6C78-4418-AB1C-19085654D624}.Debug|Mixed Platforms.Build.0 = Debug|x86
		{F1E98EE0-6C78-4418-AB1C-19085654D624}.Debug|Win32.ActiveCfg = Debug|x86
		{F1E98EE0-6C78-4418-AB1C-19085654D624}.Debug|x64.ActiveCfg = Debug|x64
		{F1E98EE0-6C78-4418-AB1C-19085654D624}.Debug|x64.Build.0 = Debug|x64
		{F1E98EE0-6C78-4418-AB1C-19085654D624}.Debug|x86.ActiveCfg = debug_unicode|x86
		{F1E98EE0-6C78-4418-AB1C-19085654D624}.Debug|x86.Build.0 = debug_unicode|x86
		{F1E98EE0-6C78-4418-AB1C-19085654D624}.Release|Any CPU.ActiveCfg = debug_unicode|x64
		{F1E98EE0-6C78-4418-AB1C-19085654D624}.Release|Mixed Platforms.ActiveCfg = debug_unicode|x64
		{F1E98EE0-6C78-4418-AB1C-19085654D624}.Release|Mixed Platforms.Build.0 = debug_unicode|x64
		{F1E98EE0-6C78-4418-AB1C-19085654D624}.Release|Win32.ActiveCfg = debug_unicode|x64
		{F1E98EE0-6C78-4418-AB1C-19085654D624}.Release|x64.ActiveCfg = debug_unicode|x64
		{F1E98EE0-6C78-4418-AB1C-19085654D624}.Release|x64.Build.0 = debug_unicode|x64
		{F1E98EE0-6C78-4418-AB1C-19085654D624}.Release|x86.ActiveCfg = debug_unicode|x64
		{9F340099-24DB-48E1-B24C-BA9395AAA3DC}.debug_unicode|Any CPU.ActiveCfg = debug_unicode|Win32
		{9F340099-24DB-48E1-B24C-BA9395AAA3DC}.debug_unicode|Mixed Platforms.ActiveCfg = debug_unicode|Win32
		{9F340099-24DB-48E1-B24C-BA9395AAA3DC}.debug_unicode|Mixed Platforms.Build.0 = debug_unicode|Win32
		{9F340099-24DB-48E1-B24C-BA9395AAA3DC}.debug_unicode|Win32.ActiveCfg = debug_unicode|Win32
		{9F340099-24DB-48E1-B24C-BA9395AAA3DC}.debug_unicode|Win32.Build.0 = debug_unicode|Win32
		{9F340099-24DB-48E1-B24C-BA9395AAA3DC}.debug_unicode|x64.ActiveCfg = debug_unicode|x64
		{9F340099-24DB-48E1-B24C-BA9395AAA3DC}.debug_unicode|x64.Build.0 = debug_unicode|x64
		{9F340099-24DB-48E1-B24C-BA9395AAA3DC}.debug_unicode|x86.ActiveCfg = debug_unicode|Win32
		{9F340099-24DB-48E1-B24C-BA9395AAA3DC}.Debug|Any CPU.ActiveCfg = Debug|Win32
		{9F340099-24DB-48E1-B24C-BA9395AAA3DC}.Debug|Mixed Platforms.ActiveCfg = Debug|Win32
		{9F340099-24DB-48E1-B24C-BA9395AAA3DC}.Debug|Mixed Platforms.Build.0 = Debug|Win32
		{9F340099-24DB-48E1-B24C-BA9395AAA3DC}.Debug|Win32.ActiveCfg = Debug|Win32
		{9F340099-24DB-48E1-B24C-BA9395AAA3DC}.Debug|Win32.Build.0 = Debug|Win32
		{9F340099-24DB-48E1-B24C-BA9395AAA3DC}.Debug|x64.ActiveCfg = Debug|x64
		{9F340099-24DB-48E1-B24C-BA9395AAA3DC}.Debug|x64.Build.0 = Debug|x64
		{9F340099-24DB-48E1-B24C-BA9395AAA3DC}.Debug|x86.ActiveCfg = debug_unicode|Win32
		{9F340099-24DB-48E1-B24C-BA9395AAA3DC}.Release|Any CPU.ActiveCfg = debug_unicode|x64
		{9F340099-24DB-48E1-B24C-BA9395AAA3DC}.Release|Mixed Platforms.ActiveCfg = debug_unicode|x64
		{9F340099-24DB-48E1-B24C-BA9395AAA3DC}.Release|Mixed Platforms.Build.0 = debug_unicode|x64
		{9F340099-24DB-48E1-B24C-BA9395AAA3DC}.Release|Win32.ActiveCfg = debug_unicode|x64
		{9F340099-24DB-48E1-B24C-BA9395AAA3DC}.Release|x64.ActiveCfg = debug_unicode|x64
		{9F340099-24DB-48E1-B24C-BA9395AAA3DC}.Release|x64.Build.0 = debug_unicode|x64
		{9F340099-24DB-48E1-B24C-BA9395AAA3DC}.Release|x86.ActiveCfg = debug_unicode|x64
		{19129D05-3518-4958-9036-3B7E14BF64C9}.debug_unicode|Any CPU.ActiveCfg = debug_unicode|Win32
		{19129D05-3518-4958-9036-3B7E14BF64C9}.debug_unicode|Mixed Platforms.ActiveCfg = debug_unicode|Win32
		{19129D05-3518-4958-9036-3B7E14BF64C9}.debug_unicode|Mixed Platforms.Build.0 = debug_unicode|Win32
		{19129D05-3518-4958-9036-3B7E14BF64C9}.debug_unicode|Win32.ActiveCfg = debug_unicode|Win32
		{19129D05-3518-4958-9036-3B7E14BF64C9}.debug_unicode|Win32.Build.0 = debug_unicode|Win32
		{19129D05-3518-4958-9036-3B7E14BF64C9}.debug_unicode|x64.ActiveCfg = debug_unicode|x64
		{19129D05-3518-4958-9036-3B7E14BF64C9}.debug_unicode|x64.Build.0 = debug_unicode|x64
		{19129D05-3518-4958-9036-3B7E14BF64C9}.debug_unicode|x86.ActiveCfg = debug_unicode|Win32
		{19129D05-3518-4958-9036-3B7E14BF64C9}.Debug|Any CPU.ActiveCfg = Debug|Win32
		{19129D05-3518-4958-9036-3B7E14BF64C9}.Debug|Mixed Platforms.ActiveCfg = Debug|Win32
		{19129D05-3518-4958-9036-3B7E14BF64C9}.Debug|Mixed Platforms.Build.0 = Debug|Win32
		{19129D05-3518-4958-9036-3B7E14BF64C9}.Debug|Win32.ActiveCfg = Debug|Win32
		{19129D05-3518-4958-9036-3B7E14BF64C9}.Debug|Win32.Build.0 = Debug|Win32
		{19129D05-3518-4958-9036-3B7E14BF64C9}.Debug|x64.ActiveCfg = Debug|x64
		{19129D05-3518-4958-9036-3B7E14BF64C9}.Debug|x64.Build.0 = Debug|x64
		{19129D05-3518-4958-9036-3B7E14BF64C9}.Debug|x86.ActiveCfg = debug_unicode|Win32
		{19129D05-3518-4958-9036-3B7E14BF64C9}.Release|Any CPU.ActiveCfg = debug_unicode|x64
		{19129D05-3518-4958-9036-3B7E14BF64C9}.Release|Mixed Platforms.ActiveCfg = debug_unicode|x64
		{19129D05-3518-4958-9036-3B7E14BF64C9}.Release|Mixed Platforms.Build.0 = debug_unicode|x64
		{19129D05-3518-4958-9036-3B7E14BF64C9}.Release|Win32.ActiveCfg = debug_unicode|x64
		{19129D05-3518-4958-9036-3B7E14BF64C9}.Release|x64.ActiveCfg = debug_unicode|x64
		{19129D05-3518-4958-9036-3B7E14BF64C9}.Release|x64.Build.0 = debug_unicode|x64
		{19129D05-3518-4958-9036-3B7E14BF64C9}.Release|x86.ActiveCfg = debug_unicode|x64
		{81A1F067-1153-41BA-BD3B-621E478DE7EE}.debug_unicode|Any CPU.ActiveCfg = debug_unicode|Win32
		{81A1F067-1153-41BA-BD3B-621E478DE7EE}.debug_unicode|Mixed Platforms.ActiveCfg = debug_unicode|Win32
		{81A1F067-1153-41BA-BD3B-621E478DE7EE}.debug_unicode|Mixed Platforms.Build.0 = debug_unicode|Win32
		{81A1F067-1153-41BA-BD3B-621E478DE7EE}.debug_unicode|Win32.ActiveCfg = debug_unicode|Win32
		{81A1F067-1153-41BA-BD3B-621E478DE7EE}.debug_unicode|Win32.Build.0 = debug_unicode|Win32
		{81A1F067-1153-41BA-BD3B-621E478DE7EE}.debug_unicode|x64.ActiveCfg = debug_unicode|x64
		{81A1F067-1153-41BA-BD3B-621E478DE7EE}.debug_unicode|x64.Build.0 = debug_unicode|x64
		{81A1F067-1153-41BA-BD3B-621E478DE7EE}.debug_unicode|x86.ActiveCfg = debug_unicode|Win32
		{81A1F067-1153-41BA-BD3B-621E478DE7EE}.Debug|Any CPU.ActiveCfg = Debug|Win32
		{81A1F067-1153-41BA-BD3B-621E478DE7EE}.Debug|Mixed Platforms.ActiveCfg = Debug|Win32
		{81A1F067-1153-41BA-BD3B-621E478DE7EE}.Debug|Mixed Platforms.Build.0 = Debug|Win32
		{81A1F067-1153-41BA-BD3B-621E478DE7EE}.Debug|Win32.ActiveCfg = Debug|Win32
		{81A1F067-1153-41BA-BD3B-621E478DE7EE}.Debug|Win32.Build.0 = Debug|Win32
		{81A1F067-1153-41BA-BD3B-621E478DE7EE}.Debug|x64.ActiveCfg = Debug|x64
		{81A1F067-1153-41BA-BD3B-621E478DE7EE}.Debug|x64.Build.0 = Debug|x64
		{81A1F067-1153-41BA-BD3B-621E478DE7EE}.Debug|x86.ActiveCfg = debug_unicode|Win32
		{81A1F067-1153-41BA-BD3B-621E478DE7EE}.Release|Any CPU.ActiveCfg = debug_unicode|x64
		{81A1F067-1153-41BA-BD3B-621E478DE7EE}.Release|Mixed Platforms.ActiveCfg = debug_unicode|x64
		{81A1F067-1153-41BA-BD3B-621E478DE7EE}.Release|Mixed Platforms.Build.0 = debug_unicode|x64
		{81A1F067-1153-41BA-BD3B-621E478DE7EE}.Release|Win32.ActiveCfg = debug_unicode|x64
		{81A1F067-1153-41BA-BD3B-621E478DE7EE}.Release|x64.ActiveCfg = debug_unicode|x64
		{81A1F067-1153-41BA-BD3B-621E478DE7EE}.Release|x64.Build.0 = debug_unicode|x64
		{81A1F067-1153-41BA-BD3B-621E478DE7EE}.Release|x86.ActiveCfg = debug_unicode|x64
		{4F238D1E-9682-49CC-BF18-942D9F016897}.debug_unicode|Any CPU.ActiveCfg = debug_unicode|Win32
		{4F238D1E-9682-49CC-BF18-942D9F016897}.debug_unicode|Mixed Platforms.ActiveCfg = debug_unicode|Win32
		{4F238D1E-9682-49CC-BF18-942D9F016897}.debug_unicode|Mixed Platforms.Build.0 = debug_unicode|Win32
		{4F238D1E-9682-49CC-BF18-942D9F016897}.debug_unicode|Win32.ActiveCfg = debug_unicode|Win32
		{4F238D1E-9682-49CC-BF18-942D9F016897}.debug_unicode|Win32.Build.0 = debug_unicode|Win32
		{4F238D1E-9682-49CC-BF18-942D9F016897}.debug_unicode|x64.ActiveCfg = debug_unicode|x64
		{4F238D1E-9682-49CC-BF18-942D9F016897}.debug_unicode|x64.Build.0 = debug_unicode|x64
		{4F238D1E-9682-49CC-BF18-942D9F016897}.debug_unicode|x86.ActiveCfg = debug_unicode|Win32
		{4F238D1E-9682-49CC-BF18-942D9F016897}.Debug|Any CPU.ActiveCfg = Debug|Win32
		{4F238D1E-9682-49CC-BF18-942D9F016897}.Debug|Mixed Platforms.ActiveCfg = Debug|Win32
		{4F238D1E-9682-49CC-BF18-942D9F016897}.Debug|Mixed Platforms.Build.0 = Debug|Win32
		{4F238D1E-9682-49CC-BF18-942D9F016897}.Debug|Win32.ActiveCfg = Debug|Win32
		{4F238D1E-9682-49CC-BF18-942D9F016897}.Debug|Win32.Build.0 = Debug|Win32
		{4F238D1E-9682-49CC-BF18-942D9F016897}.Debug|x64.ActiveCfg = Debug|x64
		{4F238D1E-9682-49CC-BF18-942D9F016897}.Debug|x64.Build.0 = Debug|x64
		{4F238D1E-9682-49CC-BF18-942D9F016897}.Debug|x86.ActiveCfg = debug_unicode|Win32
		{4F238D1E-9682-49CC-BF18-942D9F016897}.Release|Any CPU.ActiveCfg = debug_unicode|x64
		{4F238D1E-9682-49CC-BF18-942D9F016897}.Release|Mixed Platforms.ActiveCfg = debug_unicode|x64
		{4F238D1E-9682-49CC-BF18-942D9F016897}.Release|Mixed Platforms.Build.0 = debug_unicode|x64
		{4F238D1E-9682-49CC-BF18-942D9F016897}.Release|Win32.ActiveCfg = debug_unicode|x64
		{4F238D1E-9682-49CC-BF18-942D9F016897}.Release|x64.ActiveCfg = debug_unicode|x64
		{4F238D1E-9682-49CC-BF18-942D9F016897}.Release|x64.Build.0 = debug_unicode|x64
		{4F238D1E-9682-49CC-BF18-942D9F016897}.Release|x86.ActiveCfg = debug_unicode|x64
		{6C48E936-05CE-49DA-96E4-551606BE7796}.debug_unicode|Any CPU.ActiveCfg = debug_unicode|x86
		{6C48E936-05CE-49DA-96E4-551606BE7796}.debug_unicode|Mixed Platforms.ActiveCfg = debug_unicode|x86
		{6C48E936-05CE-49DA-96E4-551606BE7796}.debug_unicode|Mixed Platforms.Build.0 = debug_unicode|x86
		{6C48E936-05CE-49DA-96E4-551606BE7796}.debug_unicode|Win32.ActiveCfg = debug_unicode|x86
		{6C48E936-05CE-49DA-96E4-551606BE7796}.debug_unicode|Win32.Build.0 = debug_unicode|x86
		{6C48E936-05CE-49DA-96E4-551606BE7796}.debug_unicode|x64.ActiveCfg = debug_unicode|x64
		{6C48E936-05CE-49DA-96E4-551606BE7796}.debug_unicode|x64.Build.0 = debug_unicode|x64
		{6C48E936-05CE-49DA-96E4-551606BE7796}.debug_unicode|x86.ActiveCfg = debug_unicode|x86
		{6C48E936-05CE-49DA-96E4-551606BE7796}.debug_unicode|x86.Build.0 = debug_unicode|x86
		{6C48E936-05CE-49DA-96E4-551606BE7796}.Debug|Any CPU.ActiveCfg = Debug|x86
		{6C48E936-05CE-49DA-96E4-551606BE7796}.Debug|Mixed Platforms.ActiveCfg = Debug|x86
		{6C48E936-05CE-49DA-96E4-551606BE7796}.Debug|Mixed Platforms.Build.0 = Debug|x86
		{6C48E936-05CE-49DA-96E4-551606BE7796}.Debug|Win32.ActiveCfg = Debug|x86
		{6C48E936-05CE-49DA-96E4-551606BE7796}.Debug|x64.ActiveCfg = Debug|x64
		{6C48E936-05CE-49DA-96E4-551606BE7796}.Debug|x64.Build.0 = Debug|x64
		{6C48E936-05CE-49DA-96E4-551606BE7796}.Debug|x86.ActiveCfg = Debug|x86
		{6C48E936-05CE-49DA-96E4-551606BE7796}.Debug|x86.Build.0 = Debug|x86
		{6C48E936-05CE-49DA-96E4-551606BE7796}.Release|Any CPU.ActiveCfg = debug_unicode|x64
		{6C48E936-05CE-49DA-96E4-551606BE7796}.Release|Mixed Platforms.ActiveCfg = debug_unicode|x64
		{6C48E936-05CE-49DA-96E4-551606BE7796}.Release|Mixed Platforms.Build.0 = debug_unicode|x64
		{6C48E936-05CE-49DA-96E4-551606BE7796}.Release|Win32.ActiveCfg = debug_unicode|x64
		{6C48E936-05CE-49DA-96E4-551606BE7796}.Release|x64.ActiveCfg = debug_unicode|x64
		{6C48E936-05CE-49DA-96E4-551606BE7796}.Release|x64.Build.0 = debug_unicode|x64
		{6C48E936-05CE-49DA-96E4-551606BE7796}.Release|x86.ActiveCfg = debug_unicode|x64
		{6961EE06-82E0-4328-82AD-A683D29CA6A8}.debug_unicode|Any CPU.ActiveCfg = debug_unicode|x64
		{6961EE06-82E0-4328-82AD-A683D29CA6A8}.debug_unicode|Mixed Platforms.ActiveCfg = debug_unicode|x64
		{6961EE06-82E0-4328-82AD-A683D29CA6A8}.debug_unicode|Mixed Platforms.Build.0 = debug_unicode|x64
		{6961EE06-82E0-4328-82AD-A683D29CA6A8}.debug_unicode|Win32.ActiveCfg = debug_unicode|x86
		{6961EE06-82E0-4328-82AD-A683D29CA6A8}.debug_unicode|Win32.Build.0 = debug_unicode|x86
		{6961EE06-82E0-4328-82AD-A683D29CA6A8}.debug_unicode|x64.ActiveCfg = debug_unicode|x64
		{6961EE06-82E0-4328-82AD-A683D29CA6A8}.debug_unicode|x64.Build.0 = debug_unicode|x64
		{6961EE06-82E0-4328-82AD-A683D29CA6A8}.debug_unicode|x86.ActiveCfg = debug_unicode|x86
		{6961EE06-82E0-4328-82AD-A683D29CA6A8}.debug_unicode|x86.Build.0 = debug_unicode|x86
		{6961EE06-82E0-4328-82AD-A683D29CA6A8}.Debug|Any CPU.ActiveCfg = Debug|x64
		{6961EE06-82E0-4328-82AD-A683D29CA6A8}.Debug|Mixed Platforms.ActiveCfg = Debug|x64
		{6961EE06-82E0-4328-82AD-A683D29CA6A8}.Debug|Mixed Platforms.Build.0 = Debug|x64
		{6961EE06-82E0-4328-82AD-A683D29CA6A8}.Debug|Win32.ActiveCfg = Debug|x64
		{6961EE06-82E0-4328-82AD-A683D29CA6A8}.Debug|x64.ActiveCfg = Debug|x64
		{6961EE06-82E0-4328-82AD-A683D29CA6A8}.Debug|x64.Build.0 = Debug|x64
		{6961EE06-82E0-4328-82AD-A683D29CA6A8}.Debug|x86.ActiveCfg = Debug|x86
		{6961EE06-82E0-4328-82AD-A683D29CA6A8}.Debug|x86.Build.0 = Debug|x86
		{6961EE06-82E0-4328-82AD-A683D29CA6A8}.Release|Any CPU.ActiveCfg = Release|x64
		{6961EE06-82E0-4328-82AD-A683D29CA6A8}.Release|Mixed Platforms.ActiveCfg = Release|x64
		{6961EE06-82E0-4328-82AD-A683D29CA6A8}.Release|Mixed Platforms.Build.0 = Release|x64
		{6961EE06-82E0-4328-82AD-A683D29CA6A8}.Release|Win32.ActiveCfg = Release|x64
		{6961EE06-82E0-4328-82AD-A683D29CA6A8}.Release|x64.ActiveCfg = Release|x64
		{6961EE06-82E0-4328-82AD-A683D29CA6A8}.Release|x64.Build.0 = Release|x64
		{6961EE06-82E0-4328-82AD-A683D29CA6A8}.Release|x86.ActiveCfg = Release|x86
		{6961EE06-82E0-4328-82AD-A683D29CA6A8}.Release|x86.Build.0 = Release|x86
		{D1B1EE2A-2771-49A8-9D52-4238F212AFFB}.debug_unicode|Any CPU.ActiveCfg = debug_unicode|x64
		{D1B1EE2A-2771-49A8-9D52-4238F212AFFB}.debug_unicode|Mixed Platforms.ActiveCfg = debug_unicode|x64
		{D1B1EE2A-2771-49A8-9D52-4238F212AFFB}.debug_unicode|Mixed Platforms.Build.0 = debug_unicode|x64
		{D1B1EE2A-2771-49A8-9D52-4238F212AFFB}.debug_unicode|Win32.ActiveCfg = debug_unicode|Win32
		{D1B1EE2A-2771-49A8-9D52-4238F212AFFB}.debug_unicode|Win32.Build.0 = debug_unicode|Win32
		{D1B1EE2A-2771-49A8-9D52-4238F212AFFB}.debug_unicode|x64.ActiveCfg = debug_unicode|x64
		{D1B1EE2A-2771-49A8-9D52-4238F212AFFB}.debug_unicode|x64.Build.0 = debug_unicode|x64
		{D1B1EE2A-2771-49A8-9D52-4238F212AFFB}.debug_unicode|x86.ActiveCfg = debug_unicode|x64
		{D1B1EE2A-2771-49A8-9D52-4238F212AFFB}.Debug|Any CPU.ActiveCfg = Debug|x64
		{D1B1EE2A-2771-49A8-9D52-4238F212AFFB}.Debug|Mixed Platforms.ActiveCfg = Debug|x64
		{D1B1EE2A-2771-49A8-9D52-4238F212AFFB}.Debug|Mixed Platforms.Build.0 = Debug|x64
		{D1B1EE2A-2771-49A8-9D52-4238F212AFFB}.Debug|Win32.ActiveCfg = Debug|Win32
		{D1B1EE2A-2771-49A8-9D52-4238F212AFFB}.Debug|Win32.Build.0 = Debug|Win32
		{D1B1EE2A-2771-49A8-9D52-4238F212AFFB}.Debug|x64.ActiveCfg = Debug|x64
		{D1B1EE2A-2771-49A8-9D52-4238F212AFFB}.Debug|x64.Build.0 = Debug|x64
		{D1B1EE2A-2771-49A8-9D52-4238F212AFFB}.Debug|x86.ActiveCfg = Debug|x64
		{D1B1EE2A-2771-49A8-9D52-4238F212AFFB}.Release|Any CPU.ActiveCfg = debug_unicode|x64
		{D1B1EE2A-2771-49A8-9D52-4238F212AFFB}.Release|Mixed Platforms.ActiveCfg = debug_unicode|x64
		{D1B1EE2A-2771-49A8-9D52-4238F212AFFB}.Release|Mixed Platforms.Build.0 = debug_unicode|x64
		{D1B1EE2A-2771-49A8-9D52-4238F212AFFB}.Release|Win32.ActiveCfg = debug_unicode|x64
		{D1B1EE2A-2771-49A8-9D52-4238F212AFFB}.Release|x64.ActiveCfg = debug_unicode|x64
		{D1B1EE2A-2771-49A8-9D52-4238F212AFFB}.Release|x64.Build.0 = debug_unicode|x64
		{D1B1EE2A-2771-49A8-9D52-4238F212AFFB}.Release|x86.ActiveCfg = debug_unicode|x64
		{9836A433-76F9-4A30-BB91-315BB0F3FE6C}.debug_unicode|Any CPU.ActiveCfg = Debug|Any CPU
		{9836A433-76F9-4A30-BB91-315BB0F3FE6C}.debug_unicode|Any CPU.Build.0 = Debug|Any CPU
		{9836A433-76F9-4A30-BB91-315BB0F3FE6C}.debug_unicode|Mixed Platforms.ActiveCfg = Debug|Any CPU
		{9836A433-76F9-4A30-BB91-315BB0F3FE6C}.debug_unicode|Mixed Platforms.Build.0 = Debug|Any CPU
		{9836A433-76F9-4A30-BB91-315BB0F3FE6C}.debug_unicode|Win32.ActiveCfg = debug_unicode|x86
		{9836A433-76F9-4A30-BB91-315BB0F3FE6C}.debug_unicode|Win32.Build.0 = debug_unicode|x86
		{9836A433-76F9-4A30-BB91-315BB0F3FE6C}.debug_unicode|x64.ActiveCfg = Debug|Any CPU
		{9836A433-76F9-4A30-BB91-315BB0F3FE6C}.debug_unicode|x86.ActiveCfg = Debug|Any CPU
		{9836A433-76F9-4A30-BB91-315BB0F3FE6C}.Debug|Any CPU.ActiveCfg = Debug|Any CPU
		{9836A433-76F9-4A30-BB91-315BB0F3FE6C}.Debug|Any CPU.Build.0 = Debug|Any CPU
		{9836A433-76F9-4A30-BB91-315BB0F3FE6C}.Debug|Mixed Platforms.ActiveCfg = Debug|Any CPU
		{9836A433-76F9-4A30-BB91-315BB0F3FE6C}.Debug|Mixed Platforms.Build.0 = Debug|Any CPU
		{9836A433-76F9-4A30-BB91-315BB0F3FE6C}.Debug|Win32.ActiveCfg = Debug|Any CPU
		{9836A433-76F9-4A30-BB91-315BB0F3FE6C}.Debug|x64.ActiveCfg = Debug|Any CPU
		{9836A433-76F9-4A30-BB91-315BB0F3FE6C}.Debug|x86.ActiveCfg = Debug|Any CPU
		{9836A433-76F9-4A30-BB91-315BB0F3FE6C}.Release|Any CPU.ActiveCfg = Release|Any CPU
		{9836A433-76F9-4A30-BB91-315BB0F3FE6C}.Release|Any CPU.Build.0 = Release|Any CPU
		{9836A433-76F9-4A30-BB91-315BB0F3FE6C}.Release|Mixed Platforms.ActiveCfg = Release|Any CPU
		{9836A433-76F9-4A30-BB91-315BB0F3FE6C}.Release|Mixed Platforms.Build.0 = Release|Any CPU
		{9836A433-76F9-4A30-BB91-315BB0F3FE6C}.Release|Win32.ActiveCfg = Release|Any CPU
		{9836A433-76F9-4A30-BB91-315BB0F3FE6C}.Release|x64.ActiveCfg = Release|Any CPU
		{9836A433-76F9-4A30-BB91-315BB0F3FE6C}.Release|x86.ActiveCfg = Release|Any CPU
		{2987CE4E-88E3-4E76-B713-60AFCD160269}.debug_unicode|Any CPU.ActiveCfg = debug_unicode|x64
		{2987CE4E-88E3-4E76-B713-60AFCD160269}.debug_unicode|Mixed Platforms.ActiveCfg = debug_unicode|x64
		{2987CE4E-88E3-4E76-B713-60AFCD160269}.debug_unicode|Mixed Platforms.Build.0 = debug_unicode|x64
		{2987CE4E-88E3-4E76-B713-60AFCD160269}.debug_unicode|Win32.ActiveCfg = debug_unicode|x64
		{2987CE4E-88E3-4E76-B713-60AFCD160269}.debug_unicode|x64.ActiveCfg = debug_unicode|x64
		{2987CE4E-88E3-4E76-B713-60AFCD160269}.debug_unicode|x64.Build.0 = debug_unicode|x64
		{2987CE4E-88E3-4E76-B713-60AFCD160269}.debug_unicode|x86.ActiveCfg = debug_unicode|x86
		{2987CE4E-88E3-4E76-B713-60AFCD160269}.debug_unicode|x86.Build.0 = debug_unicode|x86
		{2987CE4E-88E3-4E76-B713-60AFCD160269}.Debug|Any CPU.ActiveCfg = Debug|x64
		{2987CE4E-88E3-4E76-B713-60AFCD160269}.Debug|Mixed Platforms.ActiveCfg = Debug|x64
		{2987CE4E-88E3-4E76-B713-60AFCD160269}.Debug|Mixed Platforms.Build.0 = Debug|x64
		{2987CE4E-88E3-4E76-B713-60AFCD160269}.Debug|Win32.ActiveCfg = Debug|x64
		{2987CE4E-88E3-4E76-B713-60AFCD160269}.Debug|x64.ActiveCfg = Debug|x64
		{2987CE4E-88E3-4E76-B713-60AFCD160269}.Debug|x64.Build.0 = Debug|x64
		{2987CE4E-88E3-4E76-B713-60AFCD160269}.Debug|x86.ActiveCfg = Debug|x86
		{2987CE4E-88E3-4E76-B713-60AFCD160269}.Debug|x86.Build.0 = Debug|x86
		{2987CE4E-88E3-4E76-B713-60AFCD160269}.Release|Any CPU.ActiveCfg = debug_unicode|x64
		{2987CE4E-88E3-4E76-B713-60AFCD160269}.Release|Mixed Platforms.ActiveCfg = debug_unicode|x64
		{2987CE4E-88E3-4E76-B713-60AFCD160269}.Release|Mixed Platforms.Build.0 = debug_unicode|x64
		{2987CE4E-88E3-4E76-B713-60AFCD160269}.Release|Win32.ActiveCfg = debug_unicode|x64
		{2987CE4E-88E3-4E76-B713-60AFCD160269}.Release|x64.ActiveCfg = debug_unicode|x64
		{2987CE4E-88E3-4E76-B713-60AFCD160269}.Release|x64.Build.0 = debug_unicode|x64
		{2987CE4E-88E3-4E76-B713-60AFCD160269}.Release|x86.ActiveCfg = debug_unicode|x64
		{B35249FB-0265-4AF3-A835-DB621C08B26E}.debug_unicode|Any CPU.ActiveCfg = debug_unicode|x64
		{B35249FB-0265-4AF3-A835-DB621C08B26E}.debug_unicode|Mixed Platforms.ActiveCfg = debug_unicode|x64
		{B35249FB-0265-4AF3-A835-DB621C08B26E}.debug_unicode|Mixed Platforms.Build.0 = debug_unicode|x64
		{B35249FB-0265-4AF3-A835-DB621C08B26E}.debug_unicode|Win32.ActiveCfg = debug_unicode|x64
		{B35249FB-0265-4AF3-A835-DB621C08B26E}.debug_unicode|x64.ActiveCfg = debug_unicode|x64
		{B35249FB-0265-4AF3-A835-DB621C08B26E}.debug_unicode|x64.Build.0 = debug_unicode|x64
		{B35249FB-0265-4AF3-A835-DB621C08B26E}.debug_unicode|x86.ActiveCfg = debug_unicode|x86
		{B35249FB-0265-4AF3-A835-DB621C08B26E}.debug_unicode|x86.Build.0 = debug_unicode|x86
		{B35249FB-0265-4AF3-A835-DB621C08B26E}.Debug|Any CPU.ActiveCfg = Debug|x64
		{B35249FB-0265-4AF3-A835-DB621C08B26E}.Debug|Mixed Platforms.ActiveCfg = Debug|x64
		{B35249FB-0265-4AF3-A835-DB621C08B26E}.Debug|Mixed Platforms.Build.0 = Debug|x64
		{B35249FB-0265-4AF3-A835-DB621C08B26E}.Debug|Win32.ActiveCfg = Debug|x64
		{B35249FB-0265-4AF3-A835-DB621C08B26E}.Debug|x64.ActiveCfg = Debug|x64
		{B35249FB-0265-4AF3-A835-DB621C08B26E}.Debug|x64.Build.0 = Debug|x64
		{B35249FB-0265-4AF3-A835-DB621C08B26E}.Debug|x86.ActiveCfg = Debug|x86
		{B35249FB-0265-4AF3-A835-DB621C08B26E}.Debug|x86.Build.0 = Debug|x86
		{B35249FB-0265-4AF3-A835-DB621C08B26E}.Release|Any CPU.ActiveCfg = debug_unicode|x64
		{B35249FB-0265-4AF3-A835-DB621C08B26E}.Release|Mixed Platforms.ActiveCfg = debug_unicode|x64
		{B35249FB-0265-4AF3-A835-DB621C08B26E}.Release|Mixed Platforms.Build.0 = debug_unicode|x64
		{B35249FB-0265-4AF3-A835-DB621C08B26E}.Release|Win32.ActiveCfg = debug_unicode|x64
		{B35249FB-0265-4AF3-A835-DB621C08B26E}.Release|x64.ActiveCfg = debug_unicode|x64
		{B35249FB-0265-4AF3-A835-DB621C08B26E}.Release|x64.Build.0 = debug_unicode|x64
		{B35249FB-0265-4AF3-A835-DB621C08B26E}.Release|x86.ActiveCfg = debug_unicode|x64
	EndGlobalSection
	GlobalSection(SolutionProperties) = preSolution
		HideSolutionNode = FALSE
	EndGlobalSection
	GlobalSection(NestedProjects) = preSolution
		{791D4A9A-EC9F-4960-AD93-109485490317} = {3F1FE560-4460-441C-80AC-8F109A192B01}
		{EA291EA3-0F78-4C73-88B1-6E8CFDB9099E} = {3F1FE560-4460-441C-80AC-8F109A192B01}
		{9F340099-24DB-48E1-B24C-BA9395AAA3DC} = {791D4A9A-EC9F-4960-AD93-109485490317}
		{19129D05-3518-4958-9036-3B7E14BF64C9} = {791D4A9A-EC9F-4960-AD93-109485490317}
		{81A1F067-1153-41BA-BD3B-621E478DE7EE} = {791D4A9A-EC9F-4960-AD93-109485490317}
		{4F238D1E-9682-49CC-BF18-942D9F016897} = {791D4A9A-EC9F-4960-AD93-109485490317}
		{D1B1EE2A-2771-49A8-9D52-4238F212AFFB} = {791D4A9A-EC9F-4960-AD93-109485490317}
		{2DD94001-E996-4A6B-A068-3D0A5454A036} = {EA291EA3-0F78-4C73-88B1-6E8CFDB9099E}
		{781EAD73-8ABA-4580-819E-51736999DAC8} = {EA291EA3-0F78-4C73-88B1-6E8CFDB9099E}
		{ED81555F-8FC0-4CA9-A2E8-B8BC0728EC84} = {EA291EA3-0F78-4C73-88B1-6E8CFDB9099E}
		{F1E98EE0-6C78-4418-AB1C-19085654D624} = {EA291EA3-0F78-4C73-88B1-6E8CFDB9099E}
		{6C48E936-05CE-49DA-96E4-551606BE7796} = {EA291EA3-0F78-4C73-88B1-6E8CFDB9099E}
		{6961EE06-82E0-4328-82AD-A683D29CA6A8} = {EA291EA3-0F78-4C73-88B1-6E8CFDB9099E}
		{9836A433-76F9-4A30-BB91-315BB0F3FE6C} = {EA291EA3-0F78-4C73-88B1-6E8CFDB9099E}
		{2987CE4E-88E3-4E76-B713-60AFCD160269} = {EA291EA3-0F78-4C73-88B1-6E8CFDB9099E}
		{B35249FB-0265-4AF3-A835-DB621C08B26E} = {EA291EA3-0F78-4C73-88B1-6E8CFDB9099E}
	EndGlobalSection
EndGlobal
